
Microsoft Visual Studio Solution File, Format Version 12.00
# Visual Studio 2013
VisualStudioVersion = 12.0.21005.1
MinimumVisualStudioVersion = 10.0.40219.1
Project("{8BC9CEB8-8B4A-11D0-8D11-00A0C91BC942}") = "Library_hts_engine_API", "Library_hts_engine_API\Library_hts_engine_API.vcxproj", "{9C3937E7-FCCC-4409-810F-09679E005F55}"
EndProject
Project("{8BC9CEB8-8B4A-11D0-8D11-00A0C91BC942}") = "Library_Open_JTalk", "Library_Open_JTalk\Library_Open_JTalk.vcxproj", "{4F9912D2-556E-454E-B059-4987C4294085}"
EndProject
Project("{8BC9CEB8-8B4A-11D0-8D11-00A0C91BC942}") = "Plugin_Open_JTalk", "Plugin_Open_JTalk\Plugin_Open_JTalk.vcxproj", "{BD637942-5AA4-44C5-8D95-2311380A736A}"
EndProject
Project("{8BC9CEB8-8B4A-11D0-8D11-00A0C91BC942}") = "Library_Julius", "Library_Julius\Library_Julius.vcxproj", "{69BD4615-4016-4990-B0A3-0EF1912C38FF}"
EndProject
Project("{8BC9CEB8-8B4A-11D0-8D11-00A0C91BC942}") = "Plugin_Julius", "Plugin_Julius\Plugin_Julius.vcxproj", "{770A6B08-1564-4732-A2BD-73FDFD64374B}"
EndProject
Project("{8BC9CEB8-8B4A-11D0-8D11-00A0C91BC942}") = "Library_MMDFiles", "Library_MMDFiles\Library_MMDFiles.vcxproj", "{08C504D6-E965-4F03-983D-F89E61F6FDC3}"
EndProject
Project("{8BC9CEB8-8B4A-11D0-8D11-00A0C91BC942}") = "Plugin_VIManager", "Plugin_VIManager\Plugin_VIManager.vcxproj", "{C3A2A5FF-B3B8-4533-BCD6-4AA5D4DCA0EC}"
EndProject
Project("{8BC9CEB8-8B4A-11D0-8D11-00A0C91BC942}") = "Library_MMDAgent", "Library_MMDAgent\Library_MMDAgent.vcxproj", "{8F5C492B-1FDD-4FD5-8191-528A4A0A4D86}"
EndProject
Project("{8BC9CEB8-8B4A-11D0-8D11-00A0C91BC942}") = "main", "main\main.vcxproj", "{D2B29AFD-F6BB-4854-AAE2-6F41CCC87E34}"
EndProject
Project("{8BC9CEB8-8B4A-11D0-8D11-00A0C91BC942}") = "Plugin_Audio", "Plugin_Audio\Plugin_Audio.vcxproj", "{811BCAAF-9A56-4B92-80AE-8B660B984D1F}"
EndProject
Project("{8BC9CEB8-8B4A-11D0-8D11-00A0C91BC942}") = "Plugin_LookAt", "Plugin_LookAt\Plugin_LookAt.vcxproj", "{66B083C9-DB71-4B6C-ACF9-62FBA82BE6F8}"
EndProject
Project("{8BC9CEB8-8B4A-11D0-8D11-00A0C91BC942}") = "Plugin_Variables", "Plugin_Variables\Plugin_Variables.vcxproj", "{2CD4FB63-D85E-48B5-A12B-20A7A22DEB2A}"
EndProject
Project("{8BC9CEB8-8B4A-11D0-8D11-00A0C91BC942}") = "Plugin_WindowController", "Plugin_WindowController\Plugin_WindowController.vcxproj", "{2E674AE9-7978-4556-B718-CBA6C7F7AB7B}"
EndProject
Project("{8BC9CEB8-8B4A-11D0-8D11-00A0C91BC942}") = "Library_GLFW", "Library_GLFW\Library_GLFW.vcxproj", "{4B60990D-DBAE-47A7-8779-B49A581B06B3}"
EndProject
Project("{8BC9CEB8-8B4A-11D0-8D11-00A0C91BC942}") = "Library_Bullet_Physics", "Library_Bullet_Physics\Library_Bullet_Physics.vcxproj", "{0446AF84-8C4A-4DB5-889C-440447944665}"
EndProject
Project("{8BC9CEB8-8B4A-11D0-8D11-00A0C91BC942}") = "Library_GLee", "Library_GLee\Library_GLee.vcxproj", "{18B2A3F8-7C0E-4F66-BDCD-53CFF00F897E}"
EndProject
Project("{8BC9CEB8-8B4A-11D0-8D11-00A0C91BC942}") = "Library_JPEG", "Library_JPEG\Library_JPEG.vcxproj", "{704B8F90-75E4-48F0-B55A-FD4CAAD729FD}"
EndProject
Project("{8BC9CEB8-8B4A-11D0-8D11-00A0C91BC942}") = "Library_libpng", "Library_libpng\Library_libpng.vcxproj", "{35DE672D-05F0-41C1-BFE9-D6BBB3500666}"
EndProject
Project("{8BC9CEB8-8B4A-11D0-8D11-00A0C91BC942}") = "Library_PortAudio", "Library_PortAudio\Library_PortAudio.vcxproj", "{1B7312BB-67EF-4986-839F-F700955EC756}"
EndProject
Project("{8BC9CEB8-8B4A-11D0-8D11-00A0C91BC942}") = "Library_zlib", "Library_zlib\Library_zlib.vcxproj", "{DDB78FF6-EA31-41FD-8108-8DC0E065A961}"
EndProject
Project("{8BC9CEB8-8B4A-11D0-8D11-00A0C91BC942}") = "PMXTest", "PMXTest\PMXTest.vcxproj", "{FD36DF51-E8B2-4602-AE20-F03CC70F64AF}"
EndProject
Project("{8BC9CEB8-8B4A-11D0-8D11-00A0C91BC942}") = "XBeat", "XBeat\XBeat.vcxproj", "{8AC3E65B-8262-4382-9E79-4B5BB78B7875}"
EndProject
Project("{8BC9CEB8-8B4A-11D0-8D11-00A0C91BC942}") = "DirectXTex", "Library_DirectXTex\DirectXTex_Desktop_2013.vcxproj", "{371B9FA9-4C90-4AC6-A123-ACED756D6C77}"
EndProject
Project("{8BC9CEB8-8B4A-11D0-8D11-00A0C91BC942}") = "Effects11", "Library_FX11\Effects11_2013.vcxproj", "{DF460EAB-570D-4B50-9089-2E2FC801BF38}"
EndProject
Project("{8BC9CEB8-8B4A-11D0-8D11-00A0C91BC942}") = "DirectXTK_Desktop_2013", "Library_DirectXTK\DirectXTK_Desktop_2013.vcxproj", "{E0B52AE7-E160-4D32-BF3F-910B785E5A8E}"
EndProject
Global
	GlobalSection(SolutionConfigurationPlatforms) = preSolution
		Debug|Win32 = Debug|Win32
		Debug|x64 = Debug|x64
		Profile|Win32 = Profile|Win32
		Profile|x64 = Profile|x64
		Release|Win32 = Release|Win32
		Release|x64 = Release|x64
	EndGlobalSection
	GlobalSection(ProjectConfigurationPlatforms) = postSolution
		{9C3937E7-FCCC-4409-810F-09679E005F55}.Debug|Win32.ActiveCfg = Debug|Win32
		{9C3937E7-FCCC-4409-810F-09679E005F55}.Debug|Win32.Build.0 = Debug|Win32
		{9C3937E7-FCCC-4409-810F-09679E005F55}.Debug|x64.ActiveCfg = Debug|Win32
		{9C3937E7-FCCC-4409-810F-09679E005F55}.Profile|Win32.ActiveCfg = Release|Win32
		{9C3937E7-FCCC-4409-810F-09679E005F55}.Profile|Win32.Build.0 = Release|Win32
		{9C3937E7-FCCC-4409-810F-09679E005F55}.Profile|x64.ActiveCfg = Release|Win32
		{9C3937E7-FCCC-4409-810F-09679E005F55}.Release|Win32.ActiveCfg = Release|Win32
		{9C3937E7-FCCC-4409-810F-09679E005F55}.Release|Win32.Build.0 = Release|Win32
		{9C3937E7-FCCC-4409-810F-09679E005F55}.Release|x64.ActiveCfg = Release|Win32
		{4F9912D2-556E-454E-B059-4987C4294085}.Debug|Win32.ActiveCfg = Debug|Win32
		{4F9912D2-556E-454E-B059-4987C4294085}.Debug|Win32.Build.0 = Debug|Win32
		{4F9912D2-556E-454E-B059-4987C4294085}.Debug|x64.ActiveCfg = Debug|Win32
		{4F9912D2-556E-454E-B059-4987C4294085}.Profile|Win32.ActiveCfg = Release|Win32
		{4F9912D2-556E-454E-B059-4987C4294085}.Profile|Win32.Build.0 = Release|Win32
		{4F9912D2-556E-454E-B059-4987C4294085}.Profile|x64.ActiveCfg = Release|Win32
		{4F9912D2-556E-454E-B059-4987C4294085}.Release|Win32.ActiveCfg = Release|Win32
		{4F9912D2-556E-454E-B059-4987C4294085}.Release|Win32.Build.0 = Release|Win32
		{4F9912D2-556E-454E-B059-4987C4294085}.Release|x64.ActiveCfg = Release|Win32
		{BD637942-5AA4-44C5-8D95-2311380A736A}.Debug|Win32.ActiveCfg = Debug|Win32
		{BD637942-5AA4-44C5-8D95-2311380A736A}.Debug|Win32.Build.0 = Debug|Win32
		{BD637942-5AA4-44C5-8D95-2311380A736A}.Debug|x64.ActiveCfg = Debug|Win32
		{BD637942-5AA4-44C5-8D95-2311380A736A}.Profile|Win32.ActiveCfg = Release|Win32
		{BD637942-5AA4-44C5-8D95-2311380A736A}.Profile|Win32.Build.0 = Release|Win32
		{BD637942-5AA4-44C5-8D95-2311380A736A}.Profile|x64.ActiveCfg = Release|Win32
		{BD637942-5AA4-44C5-8D95-2311380A736A}.Release|Win32.ActiveCfg = Release|Win32
		{BD637942-5AA4-44C5-8D95-2311380A736A}.Release|Win32.Build.0 = Release|Win32
		{BD637942-5AA4-44C5-8D95-2311380A736A}.Release|x64.ActiveCfg = Release|Win32
		{69BD4615-4016-4990-B0A3-0EF1912C38FF}.Debug|Win32.ActiveCfg = Debug|Win32
		{69BD4615-4016-4990-B0A3-0EF1912C38FF}.Debug|Win32.Build.0 = Debug|Win32
		{69BD4615-4016-4990-B0A3-0EF1912C38FF}.Debug|x64.ActiveCfg = Debug|Win32
		{69BD4615-4016-4990-B0A3-0EF1912C38FF}.Profile|Win32.ActiveCfg = Release|Win32
		{69BD4615-4016-4990-B0A3-0EF1912C38FF}.Profile|Win32.Build.0 = Release|Win32
		{69BD4615-4016-4990-B0A3-0EF1912C38FF}.Profile|x64.ActiveCfg = Release|Win32
		{69BD4615-4016-4990-B0A3-0EF1912C38FF}.Release|Win32.ActiveCfg = Release|Win32
		{69BD4615-4016-4990-B0A3-0EF1912C38FF}.Release|Win32.Build.0 = Release|Win32
		{69BD4615-4016-4990-B0A3-0EF1912C38FF}.Release|x64.ActiveCfg = Release|Win32
		{770A6B08-1564-4732-A2BD-73FDFD64374B}.Debug|Win32.ActiveCfg = Debug|Win32
		{770A6B08-1564-4732-A2BD-73FDFD64374B}.Debug|Win32.Build.0 = Debug|Win32
		{770A6B08-1564-4732-A2BD-73FDFD64374B}.Debug|x64.ActiveCfg = Debug|Win32
		{770A6B08-1564-4732-A2BD-73FDFD64374B}.Profile|Win32.ActiveCfg = Release|Win32
		{770A6B08-1564-4732-A2BD-73FDFD64374B}.Profile|Win32.Build.0 = Release|Win32
		{770A6B08-1564-4732-A2BD-73FDFD64374B}.Profile|x64.ActiveCfg = Release|Win32
		{770A6B08-1564-4732-A2BD-73FDFD64374B}.Release|Win32.ActiveCfg = Release|Win32
		{770A6B08-1564-4732-A2BD-73FDFD64374B}.Release|Win32.Build.0 = Release|Win32
		{770A6B08-1564-4732-A2BD-73FDFD64374B}.Release|x64.ActiveCfg = Release|Win32
		{08C504D6-E965-4F03-983D-F89E61F6FDC3}.Debug|Win32.ActiveCfg = Debug|Win32
		{08C504D6-E965-4F03-983D-F89E61F6FDC3}.Debug|Win32.Build.0 = Debug|Win32
		{08C504D6-E965-4F03-983D-F89E61F6FDC3}.Debug|x64.ActiveCfg = Debug|Win32
		{08C504D6-E965-4F03-983D-F89E61F6FDC3}.Profile|Win32.ActiveCfg = Release|Win32
		{08C504D6-E965-4F03-983D-F89E61F6FDC3}.Profile|Win32.Build.0 = Release|Win32
		{08C504D6-E965-4F03-983D-F89E61F6FDC3}.Profile|x64.ActiveCfg = Release|Win32
		{08C504D6-E965-4F03-983D-F89E61F6FDC3}.Release|Win32.ActiveCfg = Release|Win32
		{08C504D6-E965-4F03-983D-F89E61F6FDC3}.Release|Win32.Build.0 = Release|Win32
		{08C504D6-E965-4F03-983D-F89E61F6FDC3}.Release|x64.ActiveCfg = Release|Win32
		{C3A2A5FF-B3B8-4533-BCD6-4AA5D4DCA0EC}.Debug|Win32.ActiveCfg = Debug|Win32
		{C3A2A5FF-B3B8-4533-BCD6-4AA5D4DCA0EC}.Debug|Win32.Build.0 = Debug|Win32
		{C3A2A5FF-B3B8-4533-BCD6-4AA5D4DCA0EC}.Debug|x64.ActiveCfg = Debug|Win32
		{C3A2A5FF-B3B8-4533-BCD6-4AA5D4DCA0EC}.Profile|Win32.ActiveCfg = Release|Win32
		{C3A2A5FF-B3B8-4533-BCD6-4AA5D4DCA0EC}.Profile|Win32.Build.0 = Release|Win32
		{C3A2A5FF-B3B8-4533-BCD6-4AA5D4DCA0EC}.Profile|x64.ActiveCfg = Release|Win32
		{C3A2A5FF-B3B8-4533-BCD6-4AA5D4DCA0EC}.Release|Win32.ActiveCfg = Release|Win32
		{C3A2A5FF-B3B8-4533-BCD6-4AA5D4DCA0EC}.Release|Win32.Build.0 = Release|Win32
		{C3A2A5FF-B3B8-4533-BCD6-4AA5D4DCA0EC}.Release|x64.ActiveCfg = Release|Win32
		{8F5C492B-1FDD-4FD5-8191-528A4A0A4D86}.Debug|Win32.ActiveCfg = Debug|Win32
		{8F5C492B-1FDD-4FD5-8191-528A4A0A4D86}.Debug|Win32.Build.0 = Debug|Win32
		{8F5C492B-1FDD-4FD5-8191-528A4A0A4D86}.Debug|x64.ActiveCfg = Debug|Win32
		{8F5C492B-1FDD-4FD5-8191-528A4A0A4D86}.Profile|Win32.ActiveCfg = Release|Win32
		{8F5C492B-1FDD-4FD5-8191-528A4A0A4D86}.Profile|Win32.Build.0 = Release|Win32
		{8F5C492B-1FDD-4FD5-8191-528A4A0A4D86}.Profile|x64.ActiveCfg = Release|Win32
		{8F5C492B-1FDD-4FD5-8191-528A4A0A4D86}.Release|Win32.ActiveCfg = Release|Win32
		{8F5C492B-1FDD-4FD5-8191-528A4A0A4D86}.Release|Win32.Build.0 = Release|Win32
		{8F5C492B-1FDD-4FD5-8191-528A4A0A4D86}.Release|x64.ActiveCfg = Release|Win32
		{D2B29AFD-F6BB-4854-AAE2-6F41CCC87E34}.Debug|Win32.ActiveCfg = Debug|Win32
		{D2B29AFD-F6BB-4854-AAE2-6F41CCC87E34}.Debug|Win32.Build.0 = Debug|Win32
		{D2B29AFD-F6BB-4854-AAE2-6F41CCC87E34}.Debug|x64.ActiveCfg = Debug|Win32
		{D2B29AFD-F6BB-4854-AAE2-6F41CCC87E34}.Profile|Win32.ActiveCfg = Release|Win32
		{D2B29AFD-F6BB-4854-AAE2-6F41CCC87E34}.Profile|Win32.Build.0 = Release|Win32
		{D2B29AFD-F6BB-4854-AAE2-6F41CCC87E34}.Profile|x64.ActiveCfg = Release|Win32
		{D2B29AFD-F6BB-4854-AAE2-6F41CCC87E34}.Release|Win32.ActiveCfg = Release|Win32
		{D2B29AFD-F6BB-4854-AAE2-6F41CCC87E34}.Release|Win32.Build.0 = Release|Win32
		{D2B29AFD-F6BB-4854-AAE2-6F41CCC87E34}.Release|x64.ActiveCfg = Release|Win32
		{811BCAAF-9A56-4B92-80AE-8B660B984D1F}.Debug|Win32.ActiveCfg = Debug|Win32
		{811BCAAF-9A56-4B92-80AE-8B660B984D1F}.Debug|Win32.Build.0 = Debug|Win32
		{811BCAAF-9A56-4B92-80AE-8B660B984D1F}.Debug|x64.ActiveCfg = Debug|Win32
		{811BCAAF-9A56-4B92-80AE-8B660B984D1F}.Profile|Win32.ActiveCfg = Release|Win32
		{811BCAAF-9A56-4B92-80AE-8B660B984D1F}.Profile|Win32.Build.0 = Release|Win32
		{811BCAAF-9A56-4B92-80AE-8B660B984D1F}.Profile|x64.ActiveCfg = Release|Win32
		{811BCAAF-9A56-4B92-80AE-8B660B984D1F}.Release|Win32.ActiveCfg = Release|Win32
		{811BCAAF-9A56-4B92-80AE-8B660B984D1F}.Release|Win32.Build.0 = Release|Win32
		{811BCAAF-9A56-4B92-80AE-8B660B984D1F}.Release|x64.ActiveCfg = Release|Win32
		{66B083C9-DB71-4B6C-ACF9-62FBA82BE6F8}.Debug|Win32.ActiveCfg = Debug|Win32
		{66B083C9-DB71-4B6C-ACF9-62FBA82BE6F8}.Debug|Win32.Build.0 = Debug|Win32
		{66B083C9-DB71-4B6C-ACF9-62FBA82BE6F8}.Debug|x64.ActiveCfg = Debug|Win32
		{66B083C9-DB71-4B6C-ACF9-62FBA82BE6F8}.Profile|Win32.ActiveCfg = Release|Win32
		{66B083C9-DB71-4B6C-ACF9-62FBA82BE6F8}.Profile|Win32.Build.0 = Release|Win32
		{66B083C9-DB71-4B6C-ACF9-62FBA82BE6F8}.Profile|x64.ActiveCfg = Release|Win32
		{66B083C9-DB71-4B6C-ACF9-62FBA82BE6F8}.Release|Win32.ActiveCfg = Release|Win32
		{66B083C9-DB71-4B6C-ACF9-62FBA82BE6F8}.Release|Win32.Build.0 = Release|Win32
		{66B083C9-DB71-4B6C-ACF9-62FBA82BE6F8}.Release|x64.ActiveCfg = Release|Win32
		{2CD4FB63-D85E-48B5-A12B-20A7A22DEB2A}.Debug|Win32.ActiveCfg = Debug|Win32
		{2CD4FB63-D85E-48B5-A12B-20A7A22DEB2A}.Debug|Win32.Build.0 = Debug|Win32
		{2CD4FB63-D85E-48B5-A12B-20A7A22DEB2A}.Debug|x64.ActiveCfg = Debug|Win32
		{2CD4FB63-D85E-48B5-A12B-20A7A22DEB2A}.Profile|Win32.ActiveCfg = Release|Win32
		{2CD4FB63-D85E-48B5-A12B-20A7A22DEB2A}.Profile|Win32.Build.0 = Release|Win32
		{2CD4FB63-D85E-48B5-A12B-20A7A22DEB2A}.Profile|x64.ActiveCfg = Release|Win32
		{2CD4FB63-D85E-48B5-A12B-20A7A22DEB2A}.Release|Win32.ActiveCfg = Release|Win32
		{2CD4FB63-D85E-48B5-A12B-20A7A22DEB2A}.Release|Win32.Build.0 = Release|Win32
		{2CD4FB63-D85E-48B5-A12B-20A7A22DEB2A}.Release|x64.ActiveCfg = Release|Win32
		{2E674AE9-7978-4556-B718-CBA6C7F7AB7B}.Debug|Win32.ActiveCfg = Debug|Win32
		{2E674AE9-7978-4556-B718-CBA6C7F7AB7B}.Debug|Win32.Build.0 = Debug|Win32
		{2E674AE9-7978-4556-B718-CBA6C7F7AB7B}.Debug|x64.ActiveCfg = Debug|Win32
		{2E674AE9-7978-4556-B718-CBA6C7F7AB7B}.Profile|Win32.ActiveCfg = Release|Win32
		{2E674AE9-7978-4556-B718-CBA6C7F7AB7B}.Profile|Win32.Build.0 = Release|Win32
		{2E674AE9-7978-4556-B718-CBA6C7F7AB7B}.Profile|x64.ActiveCfg = Release|Win32
		{2E674AE9-7978-4556-B718-CBA6C7F7AB7B}.Release|Win32.ActiveCfg = Release|Win32
		{2E674AE9-7978-4556-B718-CBA6C7F7AB7B}.Release|Win32.Build.0 = Release|Win32
		{2E674AE9-7978-4556-B718-CBA6C7F7AB7B}.Release|x64.ActiveCfg = Release|Win32
		{4B60990D-DBAE-47A7-8779-B49A581B06B3}.Debug|Win32.ActiveCfg = Debug|Win32
		{4B60990D-DBAE-47A7-8779-B49A581B06B3}.Debug|Win32.Build.0 = Debug|Win32
		{4B60990D-DBAE-47A7-8779-B49A581B06B3}.Debug|x64.ActiveCfg = Debug|Win32
		{4B60990D-DBAE-47A7-8779-B49A581B06B3}.Profile|Win32.ActiveCfg = Release|Win32
		{4B60990D-DBAE-47A7-8779-B49A581B06B3}.Profile|Win32.Build.0 = Release|Win32
		{4B60990D-DBAE-47A7-8779-B49A581B06B3}.Profile|x64.ActiveCfg = Release|Win32
		{4B60990D-DBAE-47A7-8779-B49A581B06B3}.Release|Win32.ActiveCfg = Release|Win32
		{4B60990D-DBAE-47A7-8779-B49A581B06B3}.Release|Win32.Build.0 = Release|Win32
		{4B60990D-DBAE-47A7-8779-B49A581B06B3}.Release|x64.ActiveCfg = Release|Win32
		{0446AF84-8C4A-4DB5-889C-440447944665}.Debug|Win32.ActiveCfg = Debug|Win32
		{0446AF84-8C4A-4DB5-889C-440447944665}.Debug|Win32.Build.0 = Debug|Win32
		{0446AF84-8C4A-4DB5-889C-440447944665}.Debug|x64.ActiveCfg = Debug|Win32
		{0446AF84-8C4A-4DB5-889C-440447944665}.Profile|Win32.ActiveCfg = Release|Win32
		{0446AF84-8C4A-4DB5-889C-440447944665}.Profile|Win32.Build.0 = Release|Win32
		{0446AF84-8C4A-4DB5-889C-440447944665}.Profile|x64.ActiveCfg = Release|Win32
		{0446AF84-8C4A-4DB5-889C-440447944665}.Release|Win32.ActiveCfg = Release|Win32
		{0446AF84-8C4A-4DB5-889C-440447944665}.Release|Win32.Build.0 = Release|Win32
		{0446AF84-8C4A-4DB5-889C-440447944665}.Release|x64.ActiveCfg = Release|Win32
		{18B2A3F8-7C0E-4F66-BDCD-53CFF00F897E}.Debug|Win32.ActiveCfg = Debug|Win32
		{18B2A3F8-7C0E-4F66-BDCD-53CFF00F897E}.Debug|Win32.Build.0 = Debug|Win32
		{18B2A3F8-7C0E-4F66-BDCD-53CFF00F897E}.Debug|x64.ActiveCfg = Debug|Win32
		{18B2A3F8-7C0E-4F66-BDCD-53CFF00F897E}.Profile|Win32.ActiveCfg = Release|Win32
		{18B2A3F8-7C0E-4F66-BDCD-53CFF00F897E}.Profile|Win32.Build.0 = Release|Win32
		{18B2A3F8-7C0E-4F66-BDCD-53CFF00F897E}.Profile|x64.ActiveCfg = Release|Win32
		{18B2A3F8-7C0E-4F66-BDCD-53CFF00F897E}.Release|Win32.ActiveCfg = Release|Win32
		{18B2A3F8-7C0E-4F66-BDCD-53CFF00F897E}.Release|Win32.Build.0 = Release|Win32
		{18B2A3F8-7C0E-4F66-BDCD-53CFF00F897E}.Release|x64.ActiveCfg = Release|Win32
		{704B8F90-75E4-48F0-B55A-FD4CAAD729FD}.Debug|Win32.ActiveCfg = Debug|Win32
		{704B8F90-75E4-48F0-B55A-FD4CAAD729FD}.Debug|Win32.Build.0 = Debug|Win32
		{704B8F90-75E4-48F0-B55A-FD4CAAD729FD}.Debug|x64.ActiveCfg = Debug|Win32
		{704B8F90-75E4-48F0-B55A-FD4CAAD729FD}.Profile|Win32.ActiveCfg = Release|Win32
		{704B8F90-75E4-48F0-B55A-FD4CAAD729FD}.Profile|Win32.Build.0 = Release|Win32
		{704B8F90-75E4-48F0-B55A-FD4CAAD729FD}.Profile|x64.ActiveCfg = Release|Win32
		{704B8F90-75E4-48F0-B55A-FD4CAAD729FD}.Release|Win32.ActiveCfg = Release|Win32
		{704B8F90-75E4-48F0-B55A-FD4CAAD729FD}.Release|Win32.Build.0 = Release|Win32
		{704B8F90-75E4-48F0-B55A-FD4CAAD729FD}.Release|x64.ActiveCfg = Release|Win32
		{35DE672D-05F0-41C1-BFE9-D6BBB3500666}.Debug|Win32.ActiveCfg = Debug|Win32
		{35DE672D-05F0-41C1-BFE9-D6BBB3500666}.Debug|Win32.Build.0 = Debug|Win32
		{35DE672D-05F0-41C1-BFE9-D6BBB3500666}.Debug|x64.ActiveCfg = Debug|Win32
		{35DE672D-05F0-41C1-BFE9-D6BBB3500666}.Profile|Win32.ActiveCfg = Release|Win32
		{35DE672D-05F0-41C1-BFE9-D6BBB3500666}.Profile|Win32.Build.0 = Release|Win32
		{35DE672D-05F0-41C1-BFE9-D6BBB3500666}.Profile|x64.ActiveCfg = Release|Win32
		{35DE672D-05F0-41C1-BFE9-D6BBB3500666}.Release|Win32.ActiveCfg = Release|Win32
		{35DE672D-05F0-41C1-BFE9-D6BBB3500666}.Release|Win32.Build.0 = Release|Win32
		{35DE672D-05F0-41C1-BFE9-D6BBB3500666}.Release|x64.ActiveCfg = Release|Win32
		{1B7312BB-67EF-4986-839F-F700955EC756}.Debug|Win32.ActiveCfg = Debug|Win32
		{1B7312BB-67EF-4986-839F-F700955EC756}.Debug|Win32.Build.0 = Debug|Win32
		{1B7312BB-67EF-4986-839F-F700955EC756}.Debug|x64.ActiveCfg = Debug|Win32
		{1B7312BB-67EF-4986-839F-F700955EC756}.Profile|Win32.ActiveCfg = Release|Win32
		{1B7312BB-67EF-4986-839F-F700955EC756}.Profile|Win32.Build.0 = Release|Win32
		{1B7312BB-67EF-4986-839F-F700955EC756}.Profile|x64.ActiveCfg = Release|Win32
		{1B7312BB-67EF-4986-839F-F700955EC756}.Release|Win32.ActiveCfg = Release|Win32
		{1B7312BB-67EF-4986-839F-F700955EC756}.Release|Win32.Build.0 = Release|Win32
		{1B7312BB-67EF-4986-839F-F700955EC756}.Release|x64.ActiveCfg = Release|Win32
		{DDB78FF6-EA31-41FD-8108-8DC0E065A961}.Debug|Win32.ActiveCfg = Debug|Win32
		{DDB78FF6-EA31-41FD-8108-8DC0E065A961}.Debug|Win32.Build.0 = Debug|Win32
		{DDB78FF6-EA31-41FD-8108-8DC0E065A961}.Debug|x64.ActiveCfg = Debug|Win32
		{DDB78FF6-EA31-41FD-8108-8DC0E065A961}.Profile|Win32.ActiveCfg = Release|Win32
		{DDB78FF6-EA31-41FD-8108-8DC0E065A961}.Profile|Win32.Build.0 = Release|Win32
		{DDB78FF6-EA31-41FD-8108-8DC0E065A961}.Profile|x64.ActiveCfg = Release|Win32
		{DDB78FF6-EA31-41FD-8108-8DC0E065A961}.Release|Win32.ActiveCfg = Release|Win32
		{DDB78FF6-EA31-41FD-8108-8DC0E065A961}.Release|Win32.Build.0 = Release|Win32
		{DDB78FF6-EA31-41FD-8108-8DC0E065A961}.Release|x64.ActiveCfg = Release|Win32
		{FD36DF51-E8B2-4602-AE20-F03CC70F64AF}.Debug|Win32.ActiveCfg = Debug|Win32
		{FD36DF51-E8B2-4602-AE20-F03CC70F64AF}.Debug|Win32.Build.0 = Debug|Win32
		{FD36DF51-E8B2-4602-AE20-F03CC70F64AF}.Debug|x64.ActiveCfg = Debug|Win32
		{FD36DF51-E8B2-4602-AE20-F03CC70F64AF}.Profile|Win32.ActiveCfg = Release|Win32
		{FD36DF51-E8B2-4602-AE20-F03CC70F64AF}.Profile|Win32.Build.0 = Release|Win32
		{FD36DF51-E8B2-4602-AE20-F03CC70F64AF}.Profile|x64.ActiveCfg = Release|Win32
		{FD36DF51-E8B2-4602-AE20-F03CC70F64AF}.Release|Win32.ActiveCfg = Release|Win32
		{FD36DF51-E8B2-4602-AE20-F03CC70F64AF}.Release|Win32.Build.0 = Release|Win32
		{FD36DF51-E8B2-4602-AE20-F03CC70F64AF}.Release|x64.ActiveCfg = Release|Win32
		{8AC3E65B-8262-4382-9E79-4B5BB78B7875}.Debug|Win32.ActiveCfg = Debug|Win32
		{8AC3E65B-8262-4382-9E79-4B5BB78B7875}.Debug|Win32.Build.0 = Debug|Win32
		{8AC3E65B-8262-4382-9E79-4B5BB78B7875}.Debug|x64.ActiveCfg = Debug|Win32
		{8AC3E65B-8262-4382-9E79-4B5BB78B7875}.Profile|Win32.ActiveCfg = Release|Win32
		{8AC3E65B-8262-4382-9E79-4B5BB78B7875}.Profile|Win32.Build.0 = Release|Win32
		{8AC3E65B-8262-4382-9E79-4B5BB78B7875}.Profile|x64.ActiveCfg = Release|Win32
		{8AC3E65B-8262-4382-9E79-4B5BB78B7875}.Release|Win32.ActiveCfg = Release|Win32
		{8AC3E65B-8262-4382-9E79-4B5BB78B7875}.Release|Win32.Build.0 = Release|Win32
		{8AC3E65B-8262-4382-9E79-4B5BB78B7875}.Release|x64.ActiveCfg = Release|Win32
		{371B9FA9-4C90-4AC6-A123-ACED756D6C77}.Debug|Win32.ActiveCfg = Debug|Win32
		{371B9FA9-4C90-4AC6-A123-ACED756D6C77}.Debug|Win32.Build.0 = Debug|Win32
		{371B9FA9-4C90-4AC6-A123-ACED756D6C77}.Debug|x64.ActiveCfg = Debug|x64
		{371B9FA9-4C90-4AC6-A123-ACED756D6C77}.Debug|x64.Build.0 = Debug|x64
		{371B9FA9-4C90-4AC6-A123-ACED756D6C77}.Profile|Win32.ActiveCfg = Profile|Win32
		{371B9FA9-4C90-4AC6-A123-ACED756D6C77}.Profile|Win32.Build.0 = Profile|Win32
		{371B9FA9-4C90-4AC6-A123-ACED756D6C77}.Profile|x64.ActiveCfg = Profile|x64
		{371B9FA9-4C90-4AC6-A123-ACED756D6C77}.Profile|x64.Build.0 = Profile|x64
		{371B9FA9-4C90-4AC6-A123-ACED756D6C77}.Release|Win32.ActiveCfg = Release|Win32
		{371B9FA9-4C90-4AC6-A123-ACED756D6C77}.Release|Win32.Build.0 = Release|Win32
		{371B9FA9-4C90-4AC6-A123-ACED756D6C77}.Release|x64.ActiveCfg = Release|x64
		{371B9FA9-4C90-4AC6-A123-ACED756D6C77}.Release|x64.Build.0 = Release|x64
		{DF460EAB-570D-4B50-9089-2E2FC801BF38}.Debug|Win32.ActiveCfg = Debug|Win32
		{DF460EAB-570D-4B50-9089-2E2FC801BF38}.Debug|Win32.Build.0 = Debug|Win32
		{DF460EAB-570D-4B50-9089-2E2FC801BF38}.Debug|x64.ActiveCfg = Debug|x64
		{DF460EAB-570D-4B50-9089-2E2FC801BF38}.Debug|x64.Build.0 = Debug|x64
		{DF460EAB-570D-4B50-9089-2E2FC801BF38}.Profile|Win32.ActiveCfg = Profile|Win32
		{DF460EAB-570D-4B50-9089-2E2FC801BF38}.Profile|Win32.Build.0 = Profile|Win32
		{DF460EAB-570D-4B50-9089-2E2FC801BF38}.Profile|x64.ActiveCfg = Profile|x64
		{DF460EAB-570D-4B50-9089-2E2FC801BF38}.Profile|x64.Build.0 = Profile|x64
		{DF460EAB-570D-4B50-9089-2E2FC801BF38}.Release|Win32.ActiveCfg = Release|Win32
		{DF460EAB-570D-4B50-9089-2E2FC801BF38}.Release|Win32.Build.0 = Release|Win32
		{DF460EAB-570D-4B50-9089-2E2FC801BF38}.Release|x64.ActiveCfg = Release|x64
		{DF460EAB-570D-4B50-9089-2E2FC801BF38}.Release|x64.Build.0 = Release|x64
		{E0B52AE7-E160-4D32-BF3F-910B785E5A8E}.Debug|Win32.ActiveCfg = Debug|Win32
		{E0B52AE7-E160-4D32-BF3F-910B785E5A8E}.Debug|Win32.Build.0 = Debug|Win32
		{E0B52AE7-E160-4D32-BF3F-910B785E5A8E}.Debug|x64.ActiveCfg = Debug|x64
		{E0B52AE7-E160-4D32-BF3F-910B785E5A8E}.Debug|x64.Build.0 = Debug|x64
		{E0B52AE7-E160-4D32-BF3F-910B785E5A8E}.Profile|Win32.ActiveCfg = Release|Win32
		{E0B52AE7-E160-4D32-BF3F-910B785E5A8E}.Profile|Win32.Build.0 = Release|Win32
		{E0B52AE7-E160-4D32-BF3F-910B785E5A8E}.Profile|x64.ActiveCfg = Release|x64
		{E0B52AE7-E160-4D32-BF3F-910B785E5A8E}.Profile|x64.Build.0 = Release|x64
		{E0B52AE7-E160-4D32-BF3F-910B785E5A8E}.Release|Win32.ActiveCfg = Release|Win32
		{E0B52AE7-E160-4D32-BF3F-910B785E5A8E}.Release|Win32.Build.0 = Release|Win32
		{E0B52AE7-E160-4D32-BF3F-910B785E5A8E}.Release|x64.ActiveCfg = Release|x64
		{E0B52AE7-E160-4D32-BF3F-910B785E5A8E}.Release|x64.Build.0 = Release|x64
	EndGlobalSection
	GlobalSection(SolutionProperties) = preSolution
		HideSolutionNode = FALSE
	EndGlobalSection
EndGlobal
