
Microsoft Visual Studio Solution File, Format Version 12.00
# Visual Studio 14
VisualStudioVersion = 14.0.23107.0
MinimumVisualStudioVersion = 10.0.40219.1
Project("{8BC9CEB8-8B4A-11D0-8D11-00A0C91BC942}") = "Library_MMDFiles", "Library_MMDFiles\Library_MMDFiles.vcxproj", "{08C504D6-E965-4F03-983D-F89E61F6FDC3}"
EndProject
Project("{8BC9CEB8-8B4A-11D0-8D11-00A0C91BC942}") = "Library_MMDAgent", "Library_MMDAgent\Library_MMDAgent.vcxproj", "{8F5C492B-1FDD-4FD5-8191-528A4A0A4D86}"
EndProject
Project("{8BC9CEB8-8B4A-11D0-8D11-00A0C91BC942}") = "XBeat", "XBeat\XBeat.vcxproj", "{8AC3E65B-8262-4382-9E79-4B5BB78B7875}"
	ProjectSection(ProjectDependencies) = postProject
		{371B9FA9-4C90-4AC6-A123-ACED756D6C77} = {371B9FA9-4C90-4AC6-A123-ACED756D6C77}
		{DF460EAB-570D-4B50-9089-2E2FC801BF38} = {DF460EAB-570D-4B50-9089-2E2FC801BF38}
		{E0B52AE7-E160-4D32-BF3F-910B785E5A8E} = {E0B52AE7-E160-4D32-BF3F-910B785E5A8E}
	EndProjectSection
EndProject
Project("{2150E333-8FDC-42A3-9474-1A3956D46DE8}") = "external dependencies", "external dependencies", "{2F720DCC-CAFA-4B21-B956-ED0DF8C8F439}"
EndProject
Project("{8BC9CEB8-8B4A-11D0-8D11-00A0C91BC942}") = "DirectXTex", "Third Party\DirectXTex\DirectXTex\DirectXTex_Desktop_2015.vcxproj", "{371B9FA9-4C90-4AC6-A123-ACED756D6C77}"
EndProject
Project("{8BC9CEB8-8B4A-11D0-8D11-00A0C91BC942}") = "DirectXTK_Desktop_2015", "Third Party\DirectXTK\DirectXTK_Desktop_2015.vcxproj", "{E0B52AE7-E160-4D32-BF3F-910B785E5A8E}"
EndProject
Project("{8BC9CEB8-8B4A-11D0-8D11-00A0C91BC942}") = "Effects11", "Third Party\FX11\Effects11_2015.vcxproj", "{DF460EAB-570D-4B50-9089-2E2FC801BF38}"
EndProject
Project("{2150E333-8FDC-42A3-9474-1A3956D46DE8}") = "bullet3", "bullet3", "{D3ABCF92-35B9-4ECC-B4FD-9DCF1A534E04}"
EndProject
Project("{8BC9CEB8-8B4A-11D0-8D11-00A0C91BC942}") = "gwen", "Third Party\bullet3\build3\vs2010\gwen.vcxproj", "{52E712B3-C02E-1143-A625-BCC58199C8F6}"
EndProject
Project("{8BC9CEB8-8B4A-11D0-8D11-00A0C91BC942}") = "ConvexDecomposition", "Third Party\bullet3\build3\vs2010\ConvexDecomposition.vcxproj", "{F1C7A75D-FAF3-1046-8253-27BB1BC90E78}"
EndProject
Project("{8BC9CEB8-8B4A-11D0-8D11-00A0C91BC942}") = "BulletFileLoader", "Third Party\bullet3\build3\vs2010\BulletFileLoader.vcxproj", "{ABBF11D3-4945-0C44-82C4-134A7BF1088E}"
EndProject
Project("{8BC9CEB8-8B4A-11D0-8D11-00A0C91BC942}") = "Bullet3Common", "Third Party\bullet3\build3\vs2010\Bullet3Common.vcxproj", "{782CD84A-C345-7044-8840-B81228915D22}"
EndProject
Project("{8BC9CEB8-8B4A-11D0-8D11-00A0C91BC942}") = "Bullet3Geometry", "Third Party\bullet3\build3\vs2010\Bullet3Geometry.vcxproj", "{A545D4EE-0FD0-B14F-851B-D96621E6EA90}"
EndProject
Project("{8BC9CEB8-8B4A-11D0-8D11-00A0C91BC942}") = "Bullet3Collision", "Third Party\bullet3\build3\vs2010\Bullet3Collision.vcxproj", "{61539284-2AA5-5C4D-A12E-3E9CB9EB70B3}"
EndProject
Project("{8BC9CEB8-8B4A-11D0-8D11-00A0C91BC942}") = "Bullet3Dynamics", "Third Party\bullet3\build3\vs2010\Bullet3Dynamics.vcxproj", "{D047D124-1E44-734F-A8A4-EC1DFB9ED67B}"
EndProject
Project("{8BC9CEB8-8B4A-11D0-8D11-00A0C91BC942}") = "Bullet3OpenCL_clew", "Third Party\bullet3\build3\vs2010\Bullet3OpenCL_clew.vcxproj", "{AFC17807-59DF-9643-B775-F1F3CD075D19}"
EndProject
Project("{8BC9CEB8-8B4A-11D0-8D11-00A0C91BC942}") = "Bullet2FileLoader", "Third Party\bullet3\build3\vs2010\Bullet2FileLoader.vcxproj", "{8137669A-C7B1-E445-8442-1463BAE6D4C1}"
EndProject
Project("{8BC9CEB8-8B4A-11D0-8D11-00A0C91BC942}") = "gtest", "Third Party\bullet3\build3\vs2010\gtest.vcxproj", "{10096728-C0C6-E745-B575-6243427295E1}"
EndProject
Project("{8BC9CEB8-8B4A-11D0-8D11-00A0C91BC942}") = "BulletSoftBody", "Third Party\bullet3\build3\vs2010\BulletSoftBody.vcxproj", "{D0E0DAC5-8B9A-D443-9315-89EF1F4B2C9B}"
EndProject
Project("{8BC9CEB8-8B4A-11D0-8D11-00A0C91BC942}") = "BulletDynamics", "Third Party\bullet3\build3\vs2010\BulletDynamics.vcxproj", "{AAD7E714-87C5-3B49-8D38-56B2D6C10AF8}"
EndProject
Project("{8BC9CEB8-8B4A-11D0-8D11-00A0C91BC942}") = "BulletCollision", "Third Party\bullet3\build3\vs2010\BulletCollision.vcxproj", "{C917A137-B746-EA46-902A-6F85935FC861}"
EndProject
Project("{8BC9CEB8-8B4A-11D0-8D11-00A0C91BC942}") = "LinearMath", "Third Party\bullet3\build3\vs2010\LinearMath.vcxproj", "{69F30F08-C581-7343-8A4D-AD0854AE08BB}"
EndProject
Global
	GlobalSection(SolutionConfigurationPlatforms) = preSolution
		Debug|Win32 = Debug|Win32
		Debug|x64 = Debug|x64
		Profile|Win32 = Profile|Win32
		Profile|x64 = Profile|x64
		Release|Win32 = Release|Win32
		Release|x64 = Release|x64
	EndGlobalSection
	GlobalSection(ProjectConfigurationPlatforms) = postSolution
		{08C504D6-E965-4F03-983D-F89E61F6FDC3}.Debug|Win32.ActiveCfg = Debug|Win32
		{08C504D6-E965-4F03-983D-F89E61F6FDC3}.Debug|x64.ActiveCfg = Debug|Win32
		{08C504D6-E965-4F03-983D-F89E61F6FDC3}.Profile|Win32.ActiveCfg = Release|Win32
		{08C504D6-E965-4F03-983D-F89E61F6FDC3}.Profile|Win32.Build.0 = Release|Win32
		{08C504D6-E965-4F03-983D-F89E61F6FDC3}.Profile|x64.ActiveCfg = Release|Win32
		{08C504D6-E965-4F03-983D-F89E61F6FDC3}.Release|Win32.ActiveCfg = Release|Win32
		{08C504D6-E965-4F03-983D-F89E61F6FDC3}.Release|x64.ActiveCfg = Release|Win32
		{8F5C492B-1FDD-4FD5-8191-528A4A0A4D86}.Debug|Win32.ActiveCfg = Debug|Win32
		{8F5C492B-1FDD-4FD5-8191-528A4A0A4D86}.Debug|x64.ActiveCfg = Debug|Win32
		{8F5C492B-1FDD-4FD5-8191-528A4A0A4D86}.Profile|Win32.ActiveCfg = Release|Win32
		{8F5C492B-1FDD-4FD5-8191-528A4A0A4D86}.Profile|Win32.Build.0 = Release|Win32
		{8F5C492B-1FDD-4FD5-8191-528A4A0A4D86}.Profile|x64.ActiveCfg = Release|Win32
		{8F5C492B-1FDD-4FD5-8191-528A4A0A4D86}.Release|Win32.ActiveCfg = Release|Win32
		{8F5C492B-1FDD-4FD5-8191-528A4A0A4D86}.Release|x64.ActiveCfg = Release|Win32
		{8AC3E65B-8262-4382-9E79-4B5BB78B7875}.Debug|Win32.ActiveCfg = Debug|Win32
		{8AC3E65B-8262-4382-9E79-4B5BB78B7875}.Debug|Win32.Build.0 = Debug|Win32
		{8AC3E65B-8262-4382-9E79-4B5BB78B7875}.Debug|x64.ActiveCfg = Debug|x64
		{8AC3E65B-8262-4382-9E79-4B5BB78B7875}.Debug|x64.Build.0 = Debug|x64
		{8AC3E65B-8262-4382-9E79-4B5BB78B7875}.Profile|Win32.ActiveCfg = Release|Win32
		{8AC3E65B-8262-4382-9E79-4B5BB78B7875}.Profile|Win32.Build.0 = Release|Win32
		{8AC3E65B-8262-4382-9E79-4B5BB78B7875}.Profile|x64.ActiveCfg = Release|x64
		{8AC3E65B-8262-4382-9E79-4B5BB78B7875}.Profile|x64.Build.0 = Release|x64
		{8AC3E65B-8262-4382-9E79-4B5BB78B7875}.Release|Win32.ActiveCfg = Release|Win32
		{8AC3E65B-8262-4382-9E79-4B5BB78B7875}.Release|Win32.Build.0 = Release|Win32
		{8AC3E65B-8262-4382-9E79-4B5BB78B7875}.Release|x64.ActiveCfg = Release|x64
		{8AC3E65B-8262-4382-9E79-4B5BB78B7875}.Release|x64.Build.0 = Release|x64
		{371B9FA9-4C90-4AC6-A123-ACED756D6C77}.Debug|Win32.ActiveCfg = Debug|Win32
		{371B9FA9-4C90-4AC6-A123-ACED756D6C77}.Debug|Win32.Build.0 = Debug|Win32
		{371B9FA9-4C90-4AC6-A123-ACED756D6C77}.Debug|x64.ActiveCfg = Debug|x64
		{371B9FA9-4C90-4AC6-A123-ACED756D6C77}.Debug|x64.Build.0 = Debug|x64
		{371B9FA9-4C90-4AC6-A123-ACED756D6C77}.Profile|Win32.ActiveCfg = Profile|Win32
		{371B9FA9-4C90-4AC6-A123-ACED756D6C77}.Profile|Win32.Build.0 = Profile|Win32
		{371B9FA9-4C90-4AC6-A123-ACED756D6C77}.Profile|x64.ActiveCfg = Profile|x64
		{371B9FA9-4C90-4AC6-A123-ACED756D6C77}.Profile|x64.Build.0 = Profile|x64
		{371B9FA9-4C90-4AC6-A123-ACED756D6C77}.Release|Win32.ActiveCfg = Release|Win32
		{371B9FA9-4C90-4AC6-A123-ACED756D6C77}.Release|Win32.Build.0 = Release|Win32
		{371B9FA9-4C90-4AC6-A123-ACED756D6C77}.Release|x64.ActiveCfg = Release|x64
		{371B9FA9-4C90-4AC6-A123-ACED756D6C77}.Release|x64.Build.0 = Release|x64
		{E0B52AE7-E160-4D32-BF3F-910B785E5A8E}.Debug|Win32.ActiveCfg = Debug|Win32
		{E0B52AE7-E160-4D32-BF3F-910B785E5A8E}.Debug|Win32.Build.0 = Debug|Win32
		{E0B52AE7-E160-4D32-BF3F-910B785E5A8E}.Debug|x64.ActiveCfg = Debug|x64
		{E0B52AE7-E160-4D32-BF3F-910B785E5A8E}.Debug|x64.Build.0 = Debug|x64
		{E0B52AE7-E160-4D32-BF3F-910B785E5A8E}.Profile|Win32.ActiveCfg = Release|Win32
		{E0B52AE7-E160-4D32-BF3F-910B785E5A8E}.Profile|Win32.Build.0 = Release|Win32
		{E0B52AE7-E160-4D32-BF3F-910B785E5A8E}.Profile|x64.ActiveCfg = Release|x64
		{E0B52AE7-E160-4D32-BF3F-910B785E5A8E}.Profile|x64.Build.0 = Release|x64
		{E0B52AE7-E160-4D32-BF3F-910B785E5A8E}.Release|Win32.ActiveCfg = Release|Win32
		{E0B52AE7-E160-4D32-BF3F-910B785E5A8E}.Release|Win32.Build.0 = Release|Win32
		{E0B52AE7-E160-4D32-BF3F-910B785E5A8E}.Release|x64.ActiveCfg = Release|x64
		{E0B52AE7-E160-4D32-BF3F-910B785E5A8E}.Release|x64.Build.0 = Release|x64
		{DF460EAB-570D-4B50-9089-2E2FC801BF38}.Debug|Win32.ActiveCfg = Debug|Win32
		{DF460EAB-570D-4B50-9089-2E2FC801BF38}.Debug|Win32.Build.0 = Debug|Win32
		{DF460EAB-570D-4B50-9089-2E2FC801BF38}.Debug|x64.ActiveCfg = Debug|x64
		{DF460EAB-570D-4B50-9089-2E2FC801BF38}.Debug|x64.Build.0 = Debug|x64
		{DF460EAB-570D-4B50-9089-2E2FC801BF38}.Profile|Win32.ActiveCfg = Profile|Win32
		{DF460EAB-570D-4B50-9089-2E2FC801BF38}.Profile|Win32.Build.0 = Profile|Win32
		{DF460EAB-570D-4B50-9089-2E2FC801BF38}.Profile|x64.ActiveCfg = Profile|x64
		{DF460EAB-570D-4B50-9089-2E2FC801BF38}.Profile|x64.Build.0 = Profile|x64
		{DF460EAB-570D-4B50-9089-2E2FC801BF38}.Release|Win32.ActiveCfg = Release|Win32
		{DF460EAB-570D-4B50-9089-2E2FC801BF38}.Release|Win32.Build.0 = Release|Win32
		{DF460EAB-570D-4B50-9089-2E2FC801BF38}.Release|x64.ActiveCfg = Release|x64
		{DF460EAB-570D-4B50-9089-2E2FC801BF38}.Release|x64.Build.0 = Release|x64
		{52E712B3-C02E-1143-A625-BCC58199C8F6}.Debug|Win32.ActiveCfg = Debug|Win32
		{52E712B3-C02E-1143-A625-BCC58199C8F6}.Debug|Win32.Build.0 = Debug|Win32
		{52E712B3-C02E-1143-A625-BCC58199C8F6}.Debug|x64.ActiveCfg = Debug|x64
		{52E712B3-C02E-1143-A625-BCC58199C8F6}.Debug|x64.Build.0 = Debug|x64
		{52E712B3-C02E-1143-A625-BCC58199C8F6}.Profile|Win32.ActiveCfg = Release|Win32
		{52E712B3-C02E-1143-A625-BCC58199C8F6}.Profile|Win32.Build.0 = Release|Win32
		{52E712B3-C02E-1143-A625-BCC58199C8F6}.Profile|x64.ActiveCfg = Release|x64
		{52E712B3-C02E-1143-A625-BCC58199C8F6}.Profile|x64.Build.0 = Release|x64
		{52E712B3-C02E-1143-A625-BCC58199C8F6}.Release|Win32.ActiveCfg = Release|Win32
		{52E712B3-C02E-1143-A625-BCC58199C8F6}.Release|Win32.Build.0 = Release|Win32
		{52E712B3-C02E-1143-A625-BCC58199C8F6}.Release|x64.ActiveCfg = Release|x64
		{52E712B3-C02E-1143-A625-BCC58199C8F6}.Release|x64.Build.0 = Release|x64
		{F1C7A75D-FAF3-1046-8253-27BB1BC90E78}.Debug|Win32.ActiveCfg = Debug|Win32
		{F1C7A75D-FAF3-1046-8253-27BB1BC90E78}.Debug|Win32.Build.0 = Debug|Win32
		{F1C7A75D-FAF3-1046-8253-27BB1BC90E78}.Debug|x64.ActiveCfg = Debug|x64
		{F1C7A75D-FAF3-1046-8253-27BB1BC90E78}.Debug|x64.Build.0 = Debug|x64
		{F1C7A75D-FAF3-1046-8253-27BB1BC90E78}.Profile|Win32.ActiveCfg = Release|Win32
		{F1C7A75D-FAF3-1046-8253-27BB1BC90E78}.Profile|Win32.Build.0 = Release|Win32
		{F1C7A75D-FAF3-1046-8253-27BB1BC90E78}.Profile|x64.ActiveCfg = Release|x64
		{F1C7A75D-FAF3-1046-8253-27BB1BC90E78}.Profile|x64.Build.0 = Release|x64
		{F1C7A75D-FAF3-1046-8253-27BB1BC90E78}.Release|Win32.ActiveCfg = Release|Win32
		{F1C7A75D-FAF3-1046-8253-27BB1BC90E78}.Release|Win32.Build.0 = Release|Win32
		{F1C7A75D-FAF3-1046-8253-27BB1BC90E78}.Release|x64.ActiveCfg = Release|x64
		{F1C7A75D-FAF3-1046-8253-27BB1BC90E78}.Release|x64.Build.0 = Release|x64
		{ABBF11D3-4945-0C44-82C4-134A7BF1088E}.Debug|Win32.ActiveCfg = Debug|Win32
		{ABBF11D3-4945-0C44-82C4-134A7BF1088E}.Debug|Win32.Build.0 = Debug|Win32
		{ABBF11D3-4945-0C44-82C4-134A7BF1088E}.Debug|x64.ActiveCfg = Debug|x64
		{ABBF11D3-4945-0C44-82C4-134A7BF1088E}.Debug|x64.Build.0 = Debug|x64
		{ABBF11D3-4945-0C44-82C4-134A7BF1088E}.Profile|Win32.ActiveCfg = Release|Win32
		{ABBF11D3-4945-0C44-82C4-134A7BF1088E}.Profile|Win32.Build.0 = Release|Win32
		{ABBF11D3-4945-0C44-82C4-134A7BF1088E}.Profile|x64.ActiveCfg = Release|x64
		{ABBF11D3-4945-0C44-82C4-134A7BF1088E}.Profile|x64.Build.0 = Release|x64
		{ABBF11D3-4945-0C44-82C4-134A7BF1088E}.Release|Win32.ActiveCfg = Release|Win32
		{ABBF11D3-4945-0C44-82C4-134A7BF1088E}.Release|Win32.Build.0 = Release|Win32
		{ABBF11D3-4945-0C44-82C4-134A7BF1088E}.Release|x64.ActiveCfg = Release|x64
		{ABBF11D3-4945-0C44-82C4-134A7BF1088E}.Release|x64.Build.0 = Release|x64
		{782CD84A-C345-7044-8840-B81228915D22}.Debug|Win32.ActiveCfg = Debug|Win32
		{782CD84A-C345-7044-8840-B81228915D22}.Debug|Win32.Build.0 = Debug|Win32
		{782CD84A-C345-7044-8840-B81228915D22}.Debug|x64.ActiveCfg = Debug|x64
		{782CD84A-C345-7044-8840-B81228915D22}.Debug|x64.Build.0 = Debug|x64
		{782CD84A-C345-7044-8840-B81228915D22}.Profile|Win32.ActiveCfg = Release|Win32
		{782CD84A-C345-7044-8840-B81228915D22}.Profile|Win32.Build.0 = Release|Win32
		{782CD84A-C345-7044-8840-B81228915D22}.Profile|x64.ActiveCfg = Release|x64
		{782CD84A-C345-7044-8840-B81228915D22}.Profile|x64.Build.0 = Release|x64
		{782CD84A-C345-7044-8840-B81228915D22}.Release|Win32.ActiveCfg = Release|Win32
		{782CD84A-C345-7044-8840-B81228915D22}.Release|Win32.Build.0 = Release|Win32
		{782CD84A-C345-7044-8840-B81228915D22}.Release|x64.ActiveCfg = Release|x64
		{782CD84A-C345-7044-8840-B81228915D22}.Release|x64.Build.0 = Release|x64
		{A545D4EE-0FD0-B14F-851B-D96621E6EA90}.Debug|Win32.ActiveCfg = Debug|Win32
		{A545D4EE-0FD0-B14F-851B-D96621E6EA90}.Debug|Win32.Build.0 = Debug|Win32
		{A545D4EE-0FD0-B14F-851B-D96621E6EA90}.Debug|x64.ActiveCfg = Debug|x64
		{A545D4EE-0FD0-B14F-851B-D96621E6EA90}.Debug|x64.Build.0 = Debug|x64
		{A545D4EE-0FD0-B14F-851B-D96621E6EA90}.Profile|Win32.ActiveCfg = Release|Win32
		{A545D4EE-0FD0-B14F-851B-D96621E6EA90}.Profile|Win32.Build.0 = Release|Win32
		{A545D4EE-0FD0-B14F-851B-D96621E6EA90}.Profile|x64.ActiveCfg = Release|x64
		{A545D4EE-0FD0-B14F-851B-D96621E6EA90}.Profile|x64.Build.0 = Release|x64
		{A545D4EE-0FD0-B14F-851B-D96621E6EA90}.Release|Win32.ActiveCfg = Release|Win32
		{A545D4EE-0FD0-B14F-851B-D96621E6EA90}.Release|Win32.Build.0 = Release|Win32
		{A545D4EE-0FD0-B14F-851B-D96621E6EA90}.Release|x64.ActiveCfg = Release|x64
		{A545D4EE-0FD0-B14F-851B-D96621E6EA90}.Release|x64.Build.0 = Release|x64
		{61539284-2AA5-5C4D-A12E-3E9CB9EB70B3}.Debug|Win32.ActiveCfg = Debug|Win32
		{61539284-2AA5-5C4D-A12E-3E9CB9EB70B3}.Debug|Win32.Build.0 = Debug|Win32
		{61539284-2AA5-5C4D-A12E-3E9CB9EB70B3}.Debug|x64.ActiveCfg = Debug|x64
		{61539284-2AA5-5C4D-A12E-3E9CB9EB70B3}.Debug|x64.Build.0 = Debug|x64
		{61539284-2AA5-5C4D-A12E-3E9CB9EB70B3}.Profile|Win32.ActiveCfg = Release|Win32
		{61539284-2AA5-5C4D-A12E-3E9CB9EB70B3}.Profile|Win32.Build.0 = Release|Win32
		{61539284-2AA5-5C4D-A12E-3E9CB9EB70B3}.Profile|x64.ActiveCfg = Release|x64
		{61539284-2AA5-5C4D-A12E-3E9CB9EB70B3}.Profile|x64.Build.0 = Release|x64
		{61539284-2AA5-5C4D-A12E-3E9CB9EB70B3}.Release|Win32.ActiveCfg = Release|Win32
		{61539284-2AA5-5C4D-A12E-3E9CB9EB70B3}.Release|Win32.Build.0 = Release|Win32
		{61539284-2AA5-5C4D-A12E-3E9CB9EB70B3}.Release|x64.ActiveCfg = Release|x64
		{61539284-2AA5-5C4D-A12E-3E9CB9EB70B3}.Release|x64.Build.0 = Release|x64
		{D047D124-1E44-734F-A8A4-EC1DFB9ED67B}.Debug|Win32.ActiveCfg = Debug|Win32
		{D047D124-1E44-734F-A8A4-EC1DFB9ED67B}.Debug|Win32.Build.0 = Debug|Win32
		{D047D124-1E44-734F-A8A4-EC1DFB9ED67B}.Debug|x64.ActiveCfg = Debug|x64
		{D047D124-1E44-734F-A8A4-EC1DFB9ED67B}.Debug|x64.Build.0 = Debug|x64
		{D047D124-1E44-734F-A8A4-EC1DFB9ED67B}.Profile|Win32.ActiveCfg = Release|Win32
		{D047D124-1E44-734F-A8A4-EC1DFB9ED67B}.Profile|Win32.Build.0 = Release|Win32
		{D047D124-1E44-734F-A8A4-EC1DFB9ED67B}.Profile|x64.ActiveCfg = Release|x64
		{D047D124-1E44-734F-A8A4-EC1DFB9ED67B}.Profile|x64.Build.0 = Release|x64
		{D047D124-1E44-734F-A8A4-EC1DFB9ED67B}.Release|Win32.ActiveCfg = Release|Win32
		{D047D124-1E44-734F-A8A4-EC1DFB9ED67B}.Release|Win32.Build.0 = Release|Win32
		{D047D124-1E44-734F-A8A4-EC1DFB9ED67B}.Release|x64.ActiveCfg = Release|x64
		{D047D124-1E44-734F-A8A4-EC1DFB9ED67B}.Release|x64.Build.0 = Release|x64
		{AFC17807-59DF-9643-B775-F1F3CD075D19}.Debug|Win32.ActiveCfg = Debug|Win32
		{AFC17807-59DF-9643-B775-F1F3CD075D19}.Debug|Win32.Build.0 = Debug|Win32
		{AFC17807-59DF-9643-B775-F1F3CD075D19}.Debug|x64.ActiveCfg = Debug|x64
		{AFC17807-59DF-9643-B775-F1F3CD075D19}.Debug|x64.Build.0 = Debug|x64
		{AFC17807-59DF-9643-B775-F1F3CD075D19}.Profile|Win32.ActiveCfg = Release|Win32
		{AFC17807-59DF-9643-B775-F1F3CD075D19}.Profile|Win32.Build.0 = Release|Win32
		{AFC17807-59DF-9643-B775-F1F3CD075D19}.Profile|x64.ActiveCfg = Release|x64
		{AFC17807-59DF-9643-B775-F1F3CD075D19}.Profile|x64.Build.0 = Release|x64
		{AFC17807-59DF-9643-B775-F1F3CD075D19}.Release|Win32.ActiveCfg = Release|Win32
		{AFC17807-59DF-9643-B775-F1F3CD075D19}.Release|Win32.Build.0 = Release|Win32
		{AFC17807-59DF-9643-B775-F1F3CD075D19}.Release|x64.ActiveCfg = Release|x64
		{AFC17807-59DF-9643-B775-F1F3CD075D19}.Release|x64.Build.0 = Release|x64
		{8137669A-C7B1-E445-8442-1463BAE6D4C1}.Debug|Win32.ActiveCfg = Debug|Win32
		{8137669A-C7B1-E445-8442-1463BAE6D4C1}.Debug|Win32.Build.0 = Debug|Win32
		{8137669A-C7B1-E445-8442-1463BAE6D4C1}.Debug|x64.ActiveCfg = Debug|x64
		{8137669A-C7B1-E445-8442-1463BAE6D4C1}.Debug|x64.Build.0 = Debug|x64
		{8137669A-C7B1-E445-8442-1463BAE6D4C1}.Profile|Win32.ActiveCfg = Release|Win32
		{8137669A-C7B1-E445-8442-1463BAE6D4C1}.Profile|Win32.Build.0 = Release|Win32
		{8137669A-C7B1-E445-8442-1463BAE6D4C1}.Profile|x64.ActiveCfg = Release|x64
		{8137669A-C7B1-E445-8442-1463BAE6D4C1}.Profile|x64.Build.0 = Release|x64
		{8137669A-C7B1-E445-8442-1463BAE6D4C1}.Release|Win32.ActiveCfg = Release|Win32
		{8137669A-C7B1-E445-8442-1463BAE6D4C1}.Release|Win32.Build.0 = Release|Win32
		{8137669A-C7B1-E445-8442-1463BAE6D4C1}.Release|x64.ActiveCfg = Release|x64
		{8137669A-C7B1-E445-8442-1463BAE6D4C1}.Release|x64.Build.0 = Release|x64
		{10096728-C0C6-E745-B575-6243427295E1}.Debug|Win32.ActiveCfg = Debug|Win32
		{10096728-C0C6-E745-B575-6243427295E1}.Debug|Win32.Build.0 = Debug|Win32
		{10096728-C0C6-E745-B575-6243427295E1}.Debug|x64.ActiveCfg = Debug|x64
		{10096728-C0C6-E745-B575-6243427295E1}.Debug|x64.Build.0 = Debug|x64
		{10096728-C0C6-E745-B575-6243427295E1}.Profile|Win32.ActiveCfg = Release|Win32
		{10096728-C0C6-E745-B575-6243427295E1}.Profile|Win32.Build.0 = Release|Win32
		{10096728-C0C6-E745-B575-6243427295E1}.Profile|x64.ActiveCfg = Release|x64
		{10096728-C0C6-E745-B575-6243427295E1}.Profile|x64.Build.0 = Release|x64
		{10096728-C0C6-E745-B575-6243427295E1}.Release|Win32.ActiveCfg = Release|Win32
		{10096728-C0C6-E745-B575-6243427295E1}.Release|Win32.Build.0 = Release|Win32
		{10096728-C0C6-E745-B575-6243427295E1}.Release|x64.ActiveCfg = Release|x64
		{10096728-C0C6-E745-B575-6243427295E1}.Release|x64.Build.0 = Release|x64
		{D0E0DAC5-8B9A-D443-9315-89EF1F4B2C9B}.Debug|Win32.ActiveCfg = Debug|Win32
		{D0E0DAC5-8B9A-D443-9315-89EF1F4B2C9B}.Debug|Win32.Build.0 = Debug|Win32
		{D0E0DAC5-8B9A-D443-9315-89EF1F4B2C9B}.Debug|x64.ActiveCfg = Debug|x64
		{D0E0DAC5-8B9A-D443-9315-89EF1F4B2C9B}.Debug|x64.Build.0 = Debug|x64
		{D0E0DAC5-8B9A-D443-9315-89EF1F4B2C9B}.Profile|Win32.ActiveCfg = Release|Win32
		{D0E0DAC5-8B9A-D443-9315-89EF1F4B2C9B}.Profile|Win32.Build.0 = Release|Win32
		{D0E0DAC5-8B9A-D443-9315-89EF1F4B2C9B}.Profile|x64.ActiveCfg = Release|x64
		{D0E0DAC5-8B9A-D443-9315-89EF1F4B2C9B}.Profile|x64.Build.0 = Release|x64
		{D0E0DAC5-8B9A-D443-9315-89EF1F4B2C9B}.Release|Win32.ActiveCfg = Release|Win32
		{D0E0DAC5-8B9A-D443-9315-89EF1F4B2C9B}.Release|Win32.Build.0 = Release|Win32
		{D0E0DAC5-8B9A-D443-9315-89EF1F4B2C9B}.Release|x64.ActiveCfg = Release|x64
		{D0E0DAC5-8B9A-D443-9315-89EF1F4B2C9B}.Release|x64.Build.0 = Release|x64
		{AAD7E714-87C5-3B49-8D38-56B2D6C10AF8}.Debug|Win32.ActiveCfg = Debug|Win32
		{AAD7E714-87C5-3B49-8D38-56B2D6C10AF8}.Debug|Win32.Build.0 = Debug|Win32
		{AAD7E714-87C5-3B49-8D38-56B2D6C10AF8}.Debug|x64.ActiveCfg = Debug|x64
		{AAD7E714-87C5-3B49-8D38-56B2D6C10AF8}.Debug|x64.Build.0 = Debug|x64
		{AAD7E714-87C5-3B49-8D38-56B2D6C10AF8}.Profile|Win32.ActiveCfg = Release|Win32
		{AAD7E714-87C5-3B49-8D38-56B2D6C10AF8}.Profile|Win32.Build.0 = Release|Win32
		{AAD7E714-87C5-3B49-8D38-56B2D6C10AF8}.Profile|x64.ActiveCfg = Release|x64
		{AAD7E714-87C5-3B49-8D38-56B2D6C10AF8}.Profile|x64.Build.0 = Release|x64
		{AAD7E714-87C5-3B49-8D38-56B2D6C10AF8}.Release|Win32.ActiveCfg = Release|Win32
		{AAD7E714-87C5-3B49-8D38-56B2D6C10AF8}.Release|Win32.Build.0 = Release|Win32
		{AAD7E714-87C5-3B49-8D38-56B2D6C10AF8}.Release|x64.ActiveCfg = Release|x64
		{AAD7E714-87C5-3B49-8D38-56B2D6C10AF8}.Release|x64.Build.0 = Release|x64
		{C917A137-B746-EA46-902A-6F85935FC861}.Debug|Win32.ActiveCfg = Debug|Win32
		{C917A137-B746-EA46-902A-6F85935FC861}.Debug|Win32.Build.0 = Debug|Win32
		{C917A137-B746-EA46-902A-6F85935FC861}.Debug|x64.ActiveCfg = Debug|x64
		{C917A137-B746-EA46-902A-6F85935FC861}.Debug|x64.Build.0 = Debug|x64
		{C917A137-B746-EA46-902A-6F85935FC861}.Profile|Win32.ActiveCfg = Release|Win32
		{C917A137-B746-EA46-902A-6F85935FC861}.Profile|Win32.Build.0 = Release|Win32
		{C917A137-B746-EA46-902A-6F85935FC861}.Profile|x64.ActiveCfg = Release|x64
		{C917A137-B746-EA46-902A-6F85935FC861}.Profile|x64.Build.0 = Release|x64
		{C917A137-B746-EA46-902A-6F85935FC861}.Release|Win32.ActiveCfg = Release|Win32
		{C917A137-B746-EA46-902A-6F85935FC861}.Release|Win32.Build.0 = Release|Win32
		{C917A137-B746-EA46-902A-6F85935FC861}.Release|x64.ActiveCfg = Release|x64
		{C917A137-B746-EA46-902A-6F85935FC861}.Release|x64.Build.0 = Release|x64
		{69F30F08-C581-7343-8A4D-AD0854AE08BB}.Debug|Win32.ActiveCfg = Debug|Win32
		{69F30F08-C581-7343-8A4D-AD0854AE08BB}.Debug|Win32.Build.0 = Debug|Win32
		{69F30F08-C581-7343-8A4D-AD0854AE08BB}.Debug|x64.ActiveCfg = Debug|x64
		{69F30F08-C581-7343-8A4D-AD0854AE08BB}.Debug|x64.Build.0 = Debug|x64
		{69F30F08-C581-7343-8A4D-AD0854AE08BB}.Profile|Win32.ActiveCfg = Release|Win32
		{69F30F08-C581-7343-8A4D-AD0854AE08BB}.Profile|Win32.Build.0 = Release|Win32
		{69F30F08-C581-7343-8A4D-AD0854AE08BB}.Profile|x64.ActiveCfg = Release|x64
		{69F30F08-C581-7343-8A4D-AD0854AE08BB}.Profile|x64.Build.0 = Release|x64
		{69F30F08-C581-7343-8A4D-AD0854AE08BB}.Release|Win32.ActiveCfg = Release|Win32
		{69F30F08-C581-7343-8A4D-AD0854AE08BB}.Release|Win32.Build.0 = Release|Win32
		{69F30F08-C581-7343-8A4D-AD0854AE08BB}.Release|x64.ActiveCfg = Release|x64
		{69F30F08-C581-7343-8A4D-AD0854AE08BB}.Release|x64.Build.0 = Release|x64
	EndGlobalSection
	GlobalSection(SolutionProperties) = preSolution
		HideSolutionNode = FALSE
	EndGlobalSection
	GlobalSection(NestedProjects) = preSolution
		{371B9FA9-4C90-4AC6-A123-ACED756D6C77} = {2F720DCC-CAFA-4B21-B956-ED0DF8C8F439}
		{E0B52AE7-E160-4D32-BF3F-910B785E5A8E} = {2F720DCC-CAFA-4B21-B956-ED0DF8C8F439}
		{DF460EAB-570D-4B50-9089-2E2FC801BF38} = {2F720DCC-CAFA-4B21-B956-ED0DF8C8F439}
		{D3ABCF92-35B9-4ECC-B4FD-9DCF1A534E04} = {2F720DCC-CAFA-4B21-B956-ED0DF8C8F439}
		{52E712B3-C02E-1143-A625-BCC58199C8F6} = {D3ABCF92-35B9-4ECC-B4FD-9DCF1A534E04}
		{F1C7A75D-FAF3-1046-8253-27BB1BC90E78} = {D3ABCF92-35B9-4ECC-B4FD-9DCF1A534E04}
		{ABBF11D3-4945-0C44-82C4-134A7BF1088E} = {D3ABCF92-35B9-4ECC-B4FD-9DCF1A534E04}
		{782CD84A-C345-7044-8840-B81228915D22} = {D3ABCF92-35B9-4ECC-B4FD-9DCF1A534E04}
		{A545D4EE-0FD0-B14F-851B-D96621E6EA90} = {D3ABCF92-35B9-4ECC-B4FD-9DCF1A534E04}
		{61539284-2AA5-5C4D-A12E-3E9CB9EB70B3} = {D3ABCF92-35B9-4ECC-B4FD-9DCF1A534E04}
		{D047D124-1E44-734F-A8A4-EC1DFB9ED67B} = {D3ABCF92-35B9-4ECC-B4FD-9DCF1A534E04}
		{AFC17807-59DF-9643-B775-F1F3CD075D19} = {D3ABCF92-35B9-4ECC-B4FD-9DCF1A534E04}
		{8137669A-C7B1-E445-8442-1463BAE6D4C1} = {D3ABCF92-35B9-4ECC-B4FD-9DCF1A534E04}
		{10096728-C0C6-E745-B575-6243427295E1} = {D3ABCF92-35B9-4ECC-B4FD-9DCF1A534E04}
		{D0E0DAC5-8B9A-D443-9315-89EF1F4B2C9B} = {D3ABCF92-35B9-4ECC-B4FD-9DCF1A534E04}
		{AAD7E714-87C5-3B49-8D38-56B2D6C10AF8} = {D3ABCF92-35B9-4ECC-B4FD-9DCF1A534E04}
		{C917A137-B746-EA46-902A-6F85935FC861} = {D3ABCF92-35B9-4ECC-B4FD-9DCF1A534E04}
		{69F30F08-C581-7343-8A4D-AD0854AE08BB} = {D3ABCF92-35B9-4ECC-B4FD-9DCF1A534E04}
	EndGlobalSection
EndGlobal
