<?xml version="1.0" encoding="utf-8"?>
<Project ToolsVersion="4.0" xmlns="http://schemas.microsoft.com/developer/msbuild/2003">
  <ItemGroup>
    <Filter Include="Source Files">
      <UniqueIdentifier>{4FC737F1-C7A5-4376-A066-2A32D752A2FF}</UniqueIdentifier>
      <Extensions>cpp;c;cc;cxx;def;odl;idl;hpj;bat;asm;asmx</Extensions>
    </Filter>
    <Filter Include="Header Files">
      <UniqueIdentifier>{93995380-89BD-4b04-88EB-625FBE52EBFB}</UniqueIdentifier>
      <Extensions>h;hpp;hxx;hm;inl;inc;xsd</Extensions>
    </Filter>
    <Filter Include="Resource Files">
      <UniqueIdentifier>{67DA6AB6-F800-4c08-8B7A-83BB121AAD01}</UniqueIdentifier>
      <Extensions>rc;ico;cur;bmp;dlg;rc2;rct;bin;rgs;gif;jpg;jpeg;jpe;resx;tiff;tif;png;wav;mfcribbon-ms</Extensions>
    </Filter>
    <Filter Include="Shader Files">
      <UniqueIdentifier>{9962b130-57aa-46a8-90e6-f88003384fde}</UniqueIdentifier>
      <Extensions>hlsl;hlsli;fx</Extensions>
    </Filter>
  </ItemGroup>
  <ItemGroup>
    <ClCompile Include="XBeat.cpp">
      <Filter>Source Files</Filter>
    </ClCompile>
    <ClCompile Include="Scenes\LoadingScene.cpp">
      <Filter>Source Files</Filter>
    </ClCompile>
    <ClCompile Include="Scenes\MenuScene.cpp">
      <Filter>Source Files</Filter>
    </ClCompile>
    <ClCompile Include="PMX\PMXModel.cpp">
      <Filter>Source Files</Filter>
    </ClCompile>
    <ClCompile Include="PMX\PMXAnimatedModel.cpp">
      <Filter>Source Files</Filter>
    </ClCompile>
    <ClCompile Include="VMD\Motion.cpp">
      <Filter>Source Files</Filter>
    </ClCompile>
    <ClCompile Include="VMD\MotionController.cpp">
      <Filter>Source Files</Filter>
    </ClCompile>
    <ClCompile Include="PMX\PMXRigidBody.cpp">
      <Filter>Source Files</Filter>
    </ClCompile>
    <ClCompile Include="PMX\PMXIKNode.cpp">
      <Filter>Source Files</Filter>
    </ClCompile>
    <ClCompile Include="PMX\PMXIKSolver.cpp">
      <Filter>Source Files</Filter>
    </ClCompile>
  </ItemGroup>
  <ItemGroup>
    <ClInclude Include="XBeat.h">
      <Filter>Header Files</Filter>
    </ClInclude>
    <ClInclude Include="Scenes\LoadingScene.h">
      <Filter>Header Files</Filter>
    </ClInclude>
    <ClInclude Include="Scenes\MenuScene.h">
      <Filter>Header Files</Filter>
    </ClInclude>
    <ClInclude Include="PMX\PMXModel.h">
      <Filter>Header Files</Filter>
    </ClInclude>
    <ClInclude Include="PMX\PMXSoftBody.h">
      <Filter>Header Files</Filter>
    </ClInclude>
    <ClInclude Include="PMX\PMXDefinitions.h">
      <Filter>Header Files</Filter>
    </ClInclude>
    <ClInclude Include="PMX\PMXAnimatedModel.h">
      <Filter>Header Files</Filter>
    </ClInclude>
    <ClInclude Include="VMD\Motion.h">
      <Filter>Header Files</Filter>
    </ClInclude>
    <ClInclude Include="VMD\MotionController.h">
      <Filter>Header Files</Filter>
    </ClInclude>
    <ClInclude Include="VMD\VMDDefinitions.h">
      <Filter>Header Files</Filter>
    </ClInclude>
    <ClInclude Include="PMX\PMXRigidBody.h">
      <Filter>Header Files</Filter>
    </ClInclude>
    <ClInclude Include="PMX\PMXIKNode.h">
      <Filter>Header Files</Filter>
    </ClInclude>
    <ClInclude Include="PMX\PMXIKSolver.h">
      <Filter>Header Files</Filter>
    </ClInclude>
    <ClInclude Include="shuffle.h">
      <Filter>Header Files</Filter>
    </ClInclude>
  </ItemGroup>
  <ItemGroup>
    <None Include="..\README.md" />
  </ItemGroup>
</Project>