<?xml version="1.0" encoding="utf-8"?>
<Project ToolsVersion="4.0" xmlns="http://schemas.microsoft.com/developer/msbuild/2003">
  <ItemGroup>
    <Filter Include="Source Files">
      <UniqueIdentifier>{4FC737F1-C7A5-4376-A066-2A32D752A2FF}</UniqueIdentifier>
      <Extensions>cpp;c;cc;cxx;def;odl;idl;hpj;bat;asm;asmx</Extensions>
    </Filter>
    <Filter Include="Header Files">
      <UniqueIdentifier>{93995380-89BD-4b04-88EB-625FBE52EBFB}</UniqueIdentifier>
      <Extensions>h;hpp;hxx;hm;inl;inc;xsd</Extensions>
    </Filter>
    <Filter Include="Resource Files">
      <UniqueIdentifier>{67DA6AB6-F800-4c08-8B7A-83BB121AAD01}</UniqueIdentifier>
      <Extensions>rc;ico;cur;bmp;dlg;rc2;rct;bin;rgs;gif;jpg;jpeg;jpe;resx;tiff;tif;png;wav;mfcribbon-ms</Extensions>
    </Filter>
    <Filter Include="Source Files\Input">
      <UniqueIdentifier>{b52587b2-a03c-4e58-8e78-4456f168aaf1}</UniqueIdentifier>
    </Filter>
    <Filter Include="Header Files\Input">
      <UniqueIdentifier>{4ba138b2-9461-48a9-b52c-63b43f00ca1f}</UniqueIdentifier>
    </Filter>
    <Filter Include="Header Files\Renderer">
      <UniqueIdentifier>{e469c21b-1255-4b1f-b103-03894b78c1b6}</UniqueIdentifier>
    </Filter>
    <Filter Include="Source Files\Renderer">
      <UniqueIdentifier>{d760a8be-dcea-4e69-b889-3fb37be7e58c}</UniqueIdentifier>
    </Filter>
    <Filter Include="Source Files\Renderer\Shaders">
      <UniqueIdentifier>{90dd8f9e-e818-4ca9-837a-f6539f5b1e6a}</UniqueIdentifier>
    </Filter>
    <Filter Include="Header Files\Renderer\Shaders">
      <UniqueIdentifier>{0b40bd99-6a07-4e5d-97f9-159fb0137b00}</UniqueIdentifier>
    </Filter>
    <Filter Include="Shader Files">
      <UniqueIdentifier>{9962b130-57aa-46a8-90e6-f88003384fde}</UniqueIdentifier>
      <Extensions>hlsl;hlsli;fx</Extensions>
    </Filter>
  </ItemGroup>
  <ItemGroup>
    <ClCompile Include="Main.cpp">
      <Filter>Source Files</Filter>
    </ClCompile>
    <ClCompile Include="SystemClass.cpp">
      <Filter>Source Files</Filter>
    </ClCompile>
    <ClCompile Include="Renderer\D3DRenderer.cpp">
      <Filter>Source Files\Renderer</Filter>
    </ClCompile>
    <ClCompile Include="Input\InputManager.cpp">
      <Filter>Source Files\Input</Filter>
    </ClCompile>
    <ClCompile Include="Renderer\Texture.cpp">
      <Filter>Source Files\Renderer</Filter>
    </ClCompile>
    <ClCompile Include="Renderer\Shaders\LightShader.cpp">
      <Filter>Source Files</Filter>
    </ClCompile>
    <ClCompile Include="Renderer\Light.cpp">
      <Filter>Source Files</Filter>
    </ClCompile>
    <ClCompile Include="Renderer\ViewFrustum.cpp">
      <Filter>Source Files</Filter>
    </ClCompile>
    <ClCompile Include="Renderer\D3DTextureRenderer.cpp">
      <Filter>Source Files</Filter>
    </ClCompile>
    <ClCompile Include="Renderer\OrthoWindowClass.cpp">
      <Filter>Source Files</Filter>
    </ClCompile>
    <ClCompile Include="Physics\Environment.cpp">
      <Filter>Source Files</Filter>
    </ClCompile>
    <ClCompile Include="Renderer\SkyBox.cpp">
      <Filter>Source Files</Filter>
    </ClCompile>
    <ClCompile Include="Renderer\Model.cpp">
      <Filter>Source Files\Renderer</Filter>
    </ClCompile>
    <ClCompile Include="Dispatcher.cpp">
      <Filter>Source Files</Filter>
    </ClCompile>
    <ClCompile Include="Renderer\OBJ\OBJModel.cpp">
      <Filter>Source Files</Filter>
    </ClCompile>
    <ClCompile Include="Renderer\Shaders\PostProcessEffect.cpp">
      <Filter>Source Files</Filter>
    </ClCompile>
    <ClCompile Include="Renderer\Camera.cpp">
      <Filter>Source Files\Renderer</Filter>
    </ClCompile>
    <ClCompile Include="Renderer\Shaders\GenericShader.cpp">
      <Filter>Source Files</Filter>
    </ClCompile>
    <ClCompile Include="Renderer\Shaders\TextureShader.cpp">
      <Filter>Source Files</Filter>
    </ClCompile>
    <ClCompile Include="Physics\PMXMotionState.cpp">
      <Filter>Source Files</Filter>
    </ClCompile>
    <ClCompile Include="PMX\PMXBone.cpp">
      <Filter>Source Files</Filter>
    </ClCompile>
    <ClCompile Include="PMX\PMXJoint.cpp">
      <Filter>Source Files</Filter>
    </ClCompile>
    <ClCompile Include="PMX\PMXLoader.cpp">
      <Filter>Source Files</Filter>
    </ClCompile>
    <ClCompile Include="PMX\PMXMaterial.cpp">
      <Filter>Source Files</Filter>
    </ClCompile>
    <ClCompile Include="PMX\PMXModel.cpp">
      <Filter>Source Files</Filter>
    </ClCompile>
    <ClCompile Include="PMX\PMXRigidBody.cpp">
      <Filter>Source Files</Filter>
    </ClCompile>
    <ClCompile Include="PMX\PMXShader.cpp">
      <Filter>Source Files</Filter>
    </ClCompile>
    <ClCompile Include="PMX\PMXSoftBody.cpp">
      <Filter>Source Files</Filter>
    </ClCompile>
    <ClCompile Include="ModelManager.cpp">
      <Filter>Source Files</Filter>
    </ClCompile>
    <ClCompile Include="VMD\Motion.cpp">
      <Filter>Source Files</Filter>
    </ClCompile>
    <ClCompile Include="VMD\MotionController.cpp">
      <Filter>Source Files</Filter>
    </ClCompile>
    <ClCompile Include="Scenes\LoadingScene.cpp">
      <Filter>Source Files</Filter>
    </ClCompile>
    <ClCompile Include="Scenes\MenuScene.cpp">
      <Filter>Source Files</Filter>
    </ClCompile>
    <ClCompile Include="Scenes\SceneManager.cpp">
      <Filter>Source Files\Renderer</Filter>
    </ClCompile>
    <ClCompile Include="Scenes\Scene.cpp">
      <Filter>Source Files</Filter>
    </ClCompile>
    <ClCompile Include="Scenes\Node.cpp">
      <Filter>Source Files</Filter>
    </ClCompile>
  </ItemGroup>
  <ItemGroup>
    <ClInclude Include="SystemClass.h">
      <Filter>Header Files</Filter>
    </ClInclude>
    <ClInclude Include="Renderer\D3DRenderer.h">
      <Filter>Header Files\Renderer</Filter>
    </ClInclude>
    <ClInclude Include="Renderer\Texture.h">
      <Filter>Header Files\Renderer</Filter>
    </ClInclude>
    <ClInclude Include="Renderer\Shaders\LightShader.h">
      <Filter>Header Files</Filter>
    </ClInclude>
    <ClInclude Include="Renderer\Light.h">
      <Filter>Header Files</Filter>
    </ClInclude>
    <ClInclude Include="Renderer\ViewFrustum.h">
      <Filter>Header Files</Filter>
    </ClInclude>
    <ClInclude Include="Renderer\DXUtil.h">
      <Filter>Header Files</Filter>
    </ClInclude>
    <ClInclude Include="Renderer\D3DTextureRenderer.h">
      <Filter>Header Files</Filter>
    </ClInclude>
    <ClInclude Include="Renderer\OrthoWindowClass.h">
      <Filter>Header Files</Filter>
    </ClInclude>
    <ClInclude Include="Physics\Environment.h">
      <Filter>Header Files</Filter>
    </ClInclude>
    <ClInclude Include="Renderer\SkyBox.h">
      <Filter>Header Files</Filter>
    </ClInclude>
    <ClInclude Include="Renderer\PMX\PMXModel.h">
      <Filter>Header Files</Filter>
    </ClInclude>
    <ClInclude Include="Renderer\PMX\PMXSoftBody.h">
      <Filter>Header Files</Filter>
    </ClInclude>
    <ClInclude Include="Renderer\Model.h">
      <Filter>Header Files\Renderer</Filter>
    </ClInclude>
    <ClInclude Include="Renderer\PMX\PMXLoader.h">
      <Filter>Header Files</Filter>
    </ClInclude>
    <ClInclude Include="Renderer\PMX\PMXDefinitions.h">
      <Filter>Header Files</Filter>
    </ClInclude>
    <ClInclude Include="Renderer\PMX\PMXBone.h">
      <Filter>Header Files</Filter>
    </ClInclude>
    <ClInclude Include="Input\InputManager.h">
      <Filter>Header Files\Input</Filter>
    </ClInclude>
    <ClInclude Include="Renderer\PMX\PMXMaterial.h">
      <Filter>Header Files</Filter>
    </ClInclude>
    <ClInclude Include="Dispatcher.h">
      <Filter>Header Files</Filter>
    </ClInclude>
    <ClInclude Include="Renderer\PMX\PMXRigidBody.h">
      <Filter>Header Files</Filter>
    </ClInclude>
    <ClInclude Include="Renderer\OBJ\OBJModel.h">
      <Filter>Header Files</Filter>
    </ClInclude>
    <ClInclude Include="Renderer\PMX\PMXShader.h">
      <Filter>Header Files</Filter>
    </ClInclude>
    <ClInclude Include="Renderer\Shaders\PostProcessEffect.h">
      <Filter>Header Files</Filter>
    </ClInclude>
    <ClInclude Include="Renderer\Camera.h">
      <Filter>Header Files\Renderer</Filter>
    </ClInclude>
    <ClInclude Include="Renderer\Entity.h">
      <Filter>Header Files</Filter>
    </ClInclude>
    <ClInclude Include="Renderer\Shaders\GenericShader.h">
      <Filter>Header Files</Filter>
    </ClInclude>
    <ClInclude Include="Renderer\Shaders\Texture.h">
      <Filter>Header Files</Filter>
    </ClInclude>
    <ClInclude Include="Renderer\PMX\PMXJoint.h">
      <Filter>Header Files</Filter>
    </ClInclude>
    <ClInclude Include="Physics\PMXMotionState.h">
      <Filter>Header Files</Filter>
    </ClInclude>
    <ClInclude Include="PMX\PMXBone.h">
      <Filter>Header Files</Filter>
    </ClInclude>
    <ClInclude Include="PMX\PMXDefinitions.h">
      <Filter>Header Files</Filter>
    </ClInclude>
    <ClInclude Include="PMX\PMXJoint.h">
      <Filter>Header Files</Filter>
    </ClInclude>
    <ClInclude Include="PMX\PMXLoader.h">
      <Filter>Header Files</Filter>
    </ClInclude>
    <ClInclude Include="PMX\PMXMaterial.h">
      <Filter>Header Files</Filter>
    </ClInclude>
    <ClInclude Include="PMX\PMXModel.h">
      <Filter>Header Files</Filter>
    </ClInclude>
    <ClInclude Include="PMX\PMXRigidBody.h">
      <Filter>Header Files</Filter>
    </ClInclude>
    <ClInclude Include="PMX\PMXShader.h">
      <Filter>Header Files</Filter>
    </ClInclude>
    <ClInclude Include="PMX\PMXSoftBody.h">
      <Filter>Header Files</Filter>
    </ClInclude>
    <ClInclude Include="ModelManager.h">
      <Filter>Header Files</Filter>
    </ClInclude>
    <ClInclude Include="VMD\VMDDefinitions.h">
      <Filter>Header Files</Filter>
    </ClInclude>
    <ClInclude Include="VMD\Motion.h">
      <Filter>Header Files</Filter>
    </ClInclude>
    <ClInclude Include="VMD\MotionController.h">
      <Filter>Header Files</Filter>
    </ClInclude>
    <ClInclude Include="Scenes\LoadingScene.h">
      <Filter>Header Files</Filter>
    </ClInclude>
    <ClInclude Include="Scenes\MenuScene.h">
      <Filter>Header Files</Filter>
    </ClInclude>
    <ClInclude Include="Scenes\SceneManager.h">
      <Filter>Header Files\Renderer</Filter>
    </ClInclude>
    <ClInclude Include="Scenes\Scene.h">
      <Filter>Header Files</Filter>
    </ClInclude>
    <ClInclude Include="Scenes\Node.h">
      <Filter>Header Files</Filter>
    </ClInclude>
  </ItemGroup>
  <ItemGroup>
    <FxCompile Include="Data\Shaders\LightPixel.hlsl">
      <Filter>Shader Files</Filter>
    </FxCompile>
    <FxCompile Include="Data\Shaders\LightVertex.hlsl">
      <Filter>Shader Files</Filter>
    </FxCompile>
    <FxCompile Include="Data\Shaders\PMX\PMXPixel.hlsl">
      <Filter>Shader Files</Filter>
    </FxCompile>
    <FxCompile Include="Data\Shaders\PMX\PMXVertex.hlsl">
      <Filter>Shader Files</Filter>
    </FxCompile>
    <FxCompile Include="Data\Shaders\SkyboxPixel.hlsl">
      <Filter>Shader Files</Filter>
    </FxCompile>
    <FxCompile Include="Data\Shaders\SkyboxVertex.hlsl">
      <Filter>Shader Files</Filter>
    </FxCompile>
    <FxCompile Include="Data\Shaders\TexturePixel.hlsl">
      <Filter>Shader Files</Filter>
    </FxCompile>
    <FxCompile Include="Data\Shaders\TextureVertex.hlsl">
      <Filter>Shader Files</Filter>
    </FxCompile>
    <FxCompile Include="Data\Shaders\PostProcess.fx">
      <Filter>Shader Files</Filter>
    </FxCompile>
  </ItemGroup>
  <ItemGroup>
    <Text Include="Data\Models\cube.txt" />
  </ItemGroup>
  <ItemGroup>
    <None Include="Data\Shaders\PMX\Classes.hlsli">
      <Filter>Shader Files</Filter>
    </None>
    <None Include="..\README.md" />
  </ItemGroup>
  <ItemGroup>
    <Image Include="Data\Textures\Sky\miramar.dds" />
  </ItemGroup>
</Project>